
Microsoft Visual Studio Solution File, Format Version 12.00
# Visual Studio Version 16
VisualStudioVersion = 16.0.30804.86
MinimumVisualStudioVersion = 10.0.40219.1
Project("{2150E333-8FDC-42A3-9474-1A3956D46DE8}") = "src", "src", "{D992B305-8D66-47DF-92DB-100CBDECCFD5}"
EndProject
Project("{2150E333-8FDC-42A3-9474-1A3956D46DE8}") = "building blocks", "building blocks", "{E6667277-059F-47A2-AC44-19DE79C96B10}"
EndProject
Project("{2150E333-8FDC-42A3-9474-1A3956D46DE8}") = "Services", "Services", "{39DA9EC8-8059-4C38-A801-2CC0EB0D3E59}"
EndProject
Project("{2150E333-8FDC-42A3-9474-1A3956D46DE8}") = "Web", "Web", "{FE9D3A70-AB9F-4D40-9FA0-4B9B170695B6}"
EndProject
Project("{2150E333-8FDC-42A3-9474-1A3956D46DE8}") = "Identidade", "Identidade", "{F9C12A53-9F1D-4172-9CCF-F74A69C781AA}"
EndProject
Project("{FAE04EC0-301F-11D3-BF4B-00C04F79EFBC}") = "NSE.Identidade.API", "src\service\NSE.Identidade.API\NSE.Identidade.API.csproj", "{C31C1ACD-6D50-47F9-BC17-4487E83E0F4E}"
EndProject
Project("{2150E333-8FDC-42A3-9474-1A3956D46DE8}") = "MVC", "MVC", "{E6D366B4-400B-4A84-A7B7-E2AFE2EFA7C2}"
EndProject
Project("{FAE04EC0-301F-11D3-BF4B-00C04F79EFBC}") = "NSE.WebApp.MVC", "src\web\NSE.WebApp.MVC\NSE.WebApp.MVC.csproj", "{CCE78E26-DF6B-4BFA-80FC-88010131FC07}"
EndProject
Project("{2150E333-8FDC-42A3-9474-1A3956D46DE8}") = "Core", "Core", "{13723EA7-DA7E-4614-8B53-6AEEE4CC7563}"
EndProject
Project("{FAE04EC0-301F-11D3-BF4B-00C04F79EFBC}") = "NSE.Core", "src\building blocks\NSE.Core\NSE.Core.csproj", "{54DF6E7D-83BD-43FD-A08C-65E2F5AEE5A5}"
EndProject
Project("{2150E333-8FDC-42A3-9474-1A3956D46DE8}") = "Carrinho", "Carrinho", "{9B293645-1B47-4860-8F8B-3A327E6FB9B1}"
EndProject
Project("{FAE04EC0-301F-11D3-BF4B-00C04F79EFBC}") = "NSE.Carrinho.API", "src\service\NSE.Carrinho.API\NSE.Carrinho.API.csproj", "{0F0404C4-F076-4DFD-8199-635B3596C692}"
EndProject
Project("{2150E333-8FDC-42A3-9474-1A3956D46DE8}") = "Catalogo", "Catalogo", "{8DE6DC28-D3AE-4363-9767-3A8AEC5E293E}"
EndProject
Project("{FAE04EC0-301F-11D3-BF4B-00C04F79EFBC}") = "NSE.Catalogo.API", "src\service\NSE.Catalogo.API\NSE.Catalogo.API.csproj", "{1F710831-BCE1-4361-A87B-C60846A24CCB}"
EndProject
Project("{2150E333-8FDC-42A3-9474-1A3956D46DE8}") = "Cliente", "Cliente", "{2677C3F3-CCDC-41E8-851A-3A1F59EC0931}"
EndProject
Project("{FAE04EC0-301F-11D3-BF4B-00C04F79EFBC}") = "NSE.Cliente.API", "src\service\NSE.Cliente.API\NSE.Cliente.API.csproj", "{40B71F6C-C98A-413B-A3AF-FDFE568E9E3E}"
EndProject
Project("{2150E333-8FDC-42A3-9474-1A3956D46DE8}") = "Pagamento", "Pagamento", "{81F25BA2-9AA6-4BC7-8634-CB2D53467F74}"
EndProject
Project("{FAE04EC0-301F-11D3-BF4B-00C04F79EFBC}") = "NSE.Pagamento.API", "src\service\NSE.Pagamento.API\NSE.Pagamento.API.csproj", "{4E7C7991-9BC5-4310-A55F-71CCB6730A0F}"
EndProject
Project("{2150E333-8FDC-42A3-9474-1A3956D46DE8}") = "Pedido", "Pedido", "{8FD788FB-0CC3-4E7E-891B-6076C983E3AB}"
EndProject
Project("{FAE04EC0-301F-11D3-BF4B-00C04F79EFBC}") = "NSE.Pedido.API", "src\service\NSE.Pedido.API\NSE.Pedido.API.csproj", "{9F6196AB-679A-4B0D-BFCF-1566931A8297}"
EndProject
Global
	GlobalSection(SolutionConfigurationPlatforms) = preSolution
		Debug|Any CPU = Debug|Any CPU
		Release|Any CPU = Release|Any CPU
	EndGlobalSection
	GlobalSection(ProjectConfigurationPlatforms) = postSolution
		{C31C1ACD-6D50-47F9-BC17-4487E83E0F4E}.Debug|Any CPU.ActiveCfg = Debug|Any CPU
		{C31C1ACD-6D50-47F9-BC17-4487E83E0F4E}.Debug|Any CPU.Build.0 = Debug|Any CPU
		{C31C1ACD-6D50-47F9-BC17-4487E83E0F4E}.Release|Any CPU.ActiveCfg = Release|Any CPU
		{C31C1ACD-6D50-47F9-BC17-4487E83E0F4E}.Release|Any CPU.Build.0 = Release|Any CPU
		{CCE78E26-DF6B-4BFA-80FC-88010131FC07}.Debug|Any CPU.ActiveCfg = Debug|Any CPU
		{CCE78E26-DF6B-4BFA-80FC-88010131FC07}.Debug|Any CPU.Build.0 = Debug|Any CPU
		{CCE78E26-DF6B-4BFA-80FC-88010131FC07}.Release|Any CPU.ActiveCfg = Release|Any CPU
		{CCE78E26-DF6B-4BFA-80FC-88010131FC07}.Release|Any CPU.Build.0 = Release|Any CPU
		{54DF6E7D-83BD-43FD-A08C-65E2F5AEE5A5}.Debug|Any CPU.ActiveCfg = Debug|Any CPU
		{54DF6E7D-83BD-43FD-A08C-65E2F5AEE5A5}.Debug|Any CPU.Build.0 = Debug|Any CPU
		{54DF6E7D-83BD-43FD-A08C-65E2F5AEE5A5}.Release|Any CPU.ActiveCfg = Release|Any CPU
		{54DF6E7D-83BD-43FD-A08C-65E2F5AEE5A5}.Release|Any CPU.Build.0 = Release|Any CPU
		{0F0404C4-F076-4DFD-8199-635B3596C692}.Debug|Any CPU.ActiveCfg = Debug|Any CPU
		{0F0404C4-F076-4DFD-8199-635B3596C692}.Debug|Any CPU.Build.0 = Debug|Any CPU
		{0F0404C4-F076-4DFD-8199-635B3596C692}.Release|Any CPU.ActiveCfg = Release|Any CPU
		{0F0404C4-F076-4DFD-8199-635B3596C692}.Release|Any CPU.Build.0 = Release|Any CPU
		{1F710831-BCE1-4361-A87B-C60846A24CCB}.Debug|Any CPU.ActiveCfg = Debug|Any CPU
		{1F710831-BCE1-4361-A87B-C60846A24CCB}.Debug|Any CPU.Build.0 = Debug|Any CPU
		{1F710831-BCE1-4361-A87B-C60846A24CCB}.Release|Any CPU.ActiveCfg = Release|Any CPU
		{1F710831-BCE1-4361-A87B-C60846A24CCB}.Release|Any CPU.Build.0 = Release|Any CPU
		{40B71F6C-C98A-413B-A3AF-FDFE568E9E3E}.Debug|Any CPU.ActiveCfg = Debug|Any CPU
		{40B71F6C-C98A-413B-A3AF-FDFE568E9E3E}.Debug|Any CPU.Build.0 = Debug|Any CPU
		{40B71F6C-C98A-413B-A3AF-FDFE568E9E3E}.Release|Any CPU.ActiveCfg = Release|Any CPU
		{40B71F6C-C98A-413B-A3AF-FDFE568E9E3E}.Release|Any CPU.Build.0 = Release|Any CPU
		{4E7C7991-9BC5-4310-A55F-71CCB6730A0F}.Debug|Any CPU.ActiveCfg = Debug|Any CPU
		{4E7C7991-9BC5-4310-A55F-71CCB6730A0F}.Debug|Any CPU.Build.0 = Debug|Any CPU
		{4E7C7991-9BC5-4310-A55F-71CCB6730A0F}.Release|Any CPU.ActiveCfg = Release|Any CPU
		{4E7C7991-9BC5-4310-A55F-71CCB6730A0F}.Release|Any CPU.Build.0 = Release|Any CPU
		{9F6196AB-679A-4B0D-BFCF-1566931A8297}.Debug|Any CPU.ActiveCfg = Debug|Any CPU
		{9F6196AB-679A-4B0D-BFCF-1566931A8297}.Debug|Any CPU.Build.0 = Debug|Any CPU
		{9F6196AB-679A-4B0D-BFCF-1566931A8297}.Release|Any CPU.ActiveCfg = Release|Any CPU
		{9F6196AB-679A-4B0D-BFCF-1566931A8297}.Release|Any CPU.Build.0 = Release|Any CPU
	EndGlobalSection
	GlobalSection(SolutionProperties) = preSolution
		HideSolutionNode = FALSE
	EndGlobalSection
	GlobalSection(NestedProjects) = preSolution
		{E6667277-059F-47A2-AC44-19DE79C96B10} = {D992B305-8D66-47DF-92DB-100CBDECCFD5}
		{39DA9EC8-8059-4C38-A801-2CC0EB0D3E59} = {D992B305-8D66-47DF-92DB-100CBDECCFD5}
		{FE9D3A70-AB9F-4D40-9FA0-4B9B170695B6} = {D992B305-8D66-47DF-92DB-100CBDECCFD5}
		{F9C12A53-9F1D-4172-9CCF-F74A69C781AA} = {39DA9EC8-8059-4C38-A801-2CC0EB0D3E59}
		{C31C1ACD-6D50-47F9-BC17-4487E83E0F4E} = {F9C12A53-9F1D-4172-9CCF-F74A69C781AA}
		{E6D366B4-400B-4A84-A7B7-E2AFE2EFA7C2} = {FE9D3A70-AB9F-4D40-9FA0-4B9B170695B6}
		{CCE78E26-DF6B-4BFA-80FC-88010131FC07} = {E6D366B4-400B-4A84-A7B7-E2AFE2EFA7C2}
		{13723EA7-DA7E-4614-8B53-6AEEE4CC7563} = {E6667277-059F-47A2-AC44-19DE79C96B10}
		{54DF6E7D-83BD-43FD-A08C-65E2F5AEE5A5} = {13723EA7-DA7E-4614-8B53-6AEEE4CC7563}
		{9B293645-1B47-4860-8F8B-3A327E6FB9B1} = {39DA9EC8-8059-4C38-A801-2CC0EB0D3E59}
		{0F0404C4-F076-4DFD-8199-635B3596C692} = {9B293645-1B47-4860-8F8B-3A327E6FB9B1}
		{8DE6DC28-D3AE-4363-9767-3A8AEC5E293E} = {39DA9EC8-8059-4C38-A801-2CC0EB0D3E59}
		{1F710831-BCE1-4361-A87B-C60846A24CCB} = {8DE6DC28-D3AE-4363-9767-3A8AEC5E293E}
		{2677C3F3-CCDC-41E8-851A-3A1F59EC0931} = {39DA9EC8-8059-4C38-A801-2CC0EB0D3E59}
		{40B71F6C-C98A-413B-A3AF-FDFE568E9E3E} = {2677C3F3-CCDC-41E8-851A-3A1F59EC0931}
		{81F25BA2-9AA6-4BC7-8634-CB2D53467F74} = {39DA9EC8-8059-4C38-A801-2CC0EB0D3E59}
		{4E7C7991-9BC5-4310-A55F-71CCB6730A0F} = {81F25BA2-9AA6-4BC7-8634-CB2D53467F74}
		{8FD788FB-0CC3-4E7E-891B-6076C983E3AB} = {39DA9EC8-8059-4C38-A801-2CC0EB0D3E59}
		{9F6196AB-679A-4B0D-BFCF-1566931A8297} = {8FD788FB-0CC3-4E7E-891B-6076C983E3AB}
	EndGlobalSection
	GlobalSection(ExtensibilityGlobals) = postSolution
		SolutionGuid = {6878A5BF-2942-45DE-80DC-9AB72EC59C3E}
	EndGlobalSection
EndGlobal
